
Microsoft Visual Studio Solution File, Format Version 12.00
Project("{FAE04EC0-301F-11D3-BF4B-00C04F79EFBC}") = "Day01", "Day01\Day01.csproj", "{A0EF22E5-E0EE-439F-BEB8-51E276F37ECF}"
EndProject
Project("{FAE04EC0-301F-11D3-BF4B-00C04F79EFBC}") = "Day02", "Day02\Day02.csproj", "{60CEF54B-9E4B-4032-BC0B-1AB00EBF7A0D}"
EndProject
Project("{FAE04EC0-301F-11D3-BF4B-00C04F79EFBC}") = "Day03", "Day03\Day03.csproj", "{B58DB349-4D6D-496E-AE7F-9AAB82BE99DF}"
EndProject
Project("{FAE04EC0-301F-11D3-BF4B-00C04F79EFBC}") = "Day04", "Day04\Day04.csproj", "{2965532C-3BBD-4B74-B38F-8E2718D13AF9}"
EndProject
Project("{FAE04EC0-301F-11D3-BF4B-00C04F79EFBC}") = "Day05", "Day05\Day05.csproj", "{2DA0C459-EC8B-4396-9F59-E6CA5DB3912E}"
EndProject
Project("{FAE04EC0-301F-11D3-BF4B-00C04F79EFBC}") = "Day06", "Day06\Day06.csproj", "{42C9E7E8-A181-4921-A0BA-0CF4B5552CC9}"
EndProject
Project("{FAE04EC0-301F-11D3-BF4B-00C04F79EFBC}") = "Day07", "Day07\Day07.csproj", "{C10260C9-3E14-40CB-BDC0-3262BBF99E9E}"
EndProject
Project("{FAE04EC0-301F-11D3-BF4B-00C04F79EFBC}") = "Day08", "Day08\Day08.csproj", "{92F3757E-0D87-4541-8F6F-CAE02B98C864}"
EndProject
Project("{FAE04EC0-301F-11D3-BF4B-00C04F79EFBC}") = "Day09", "Day09\Day09.csproj", "{845C7383-24FB-46C8-B8A8-047C96566CA0}"
EndProject
Project("{FAE04EC0-301F-11D3-BF4B-00C04F79EFBC}") = "Day10", "Day10\Day10.csproj", "{C5DA83A9-3BCD-4B03-A3B7-6C25A6557B22}"
EndProject
Project("{FAE04EC0-301F-11D3-BF4B-00C04F79EFBC}") = "Day11", "Day11\Day11.csproj", "{995D98ED-A38C-4D3B-9609-29010D8AA732}"
EndProject
Project("{FAE04EC0-301F-11D3-BF4B-00C04F79EFBC}") = "Day12", "Day12\Day12.csproj", "{B00D0FC7-4880-4341-95EB-14BFAE61B4CD}"
EndProject
Project("{FAE04EC0-301F-11D3-BF4B-00C04F79EFBC}") = "Day13", "Day13\Day13.csproj", "{9CC68BA5-5A1A-4909-8F37-4D15539A6A23}"
EndProject
Project("{FAE04EC0-301F-11D3-BF4B-00C04F79EFBC}") = "Day14", "Day14\Day14.csproj", "{91E90DB5-60C3-456D-9CEF-DAF312E89A58}"
EndProject
Project("{FAE04EC0-301F-11D3-BF4B-00C04F79EFBC}") = "Day15", "Day15\Day15.csproj", "{3EB94271-654A-41C1-85E9-BD2803100ABB}"
EndProject
Project("{FAE04EC0-301F-11D3-BF4B-00C04F79EFBC}") = "Day16", "Day16\Day16.csproj", "{00AEE482-2D3D-4DC6-97A9-45C2FEC9D529}"
EndProject
Project("{FAE04EC0-301F-11D3-BF4B-00C04F79EFBC}") = "Day16Test", "Day16Test\Day16Test.csproj", "{15B9332F-18E9-4039-8007-1FE4EAF05C35}"
EndProject
Global
	GlobalSection(SolutionConfigurationPlatforms) = preSolution
		Debug|Any CPU = Debug|Any CPU
		Release|Any CPU = Release|Any CPU
	EndGlobalSection
	GlobalSection(ProjectConfigurationPlatforms) = postSolution
		{A0EF22E5-E0EE-439F-BEB8-51E276F37ECF}.Debug|Any CPU.ActiveCfg = Debug|Any CPU
		{A0EF22E5-E0EE-439F-BEB8-51E276F37ECF}.Debug|Any CPU.Build.0 = Debug|Any CPU
		{A0EF22E5-E0EE-439F-BEB8-51E276F37ECF}.Release|Any CPU.ActiveCfg = Release|Any CPU
		{A0EF22E5-E0EE-439F-BEB8-51E276F37ECF}.Release|Any CPU.Build.0 = Release|Any CPU
		{60CEF54B-9E4B-4032-BC0B-1AB00EBF7A0D}.Debug|Any CPU.ActiveCfg = Debug|Any CPU
		{60CEF54B-9E4B-4032-BC0B-1AB00EBF7A0D}.Debug|Any CPU.Build.0 = Debug|Any CPU
		{60CEF54B-9E4B-4032-BC0B-1AB00EBF7A0D}.Release|Any CPU.ActiveCfg = Release|Any CPU
		{60CEF54B-9E4B-4032-BC0B-1AB00EBF7A0D}.Release|Any CPU.Build.0 = Release|Any CPU
		{B58DB349-4D6D-496E-AE7F-9AAB82BE99DF}.Debug|Any CPU.ActiveCfg = Debug|Any CPU
		{B58DB349-4D6D-496E-AE7F-9AAB82BE99DF}.Debug|Any CPU.Build.0 = Debug|Any CPU
		{B58DB349-4D6D-496E-AE7F-9AAB82BE99DF}.Release|Any CPU.ActiveCfg = Release|Any CPU
		{B58DB349-4D6D-496E-AE7F-9AAB82BE99DF}.Release|Any CPU.Build.0 = Release|Any CPU
		{2965532C-3BBD-4B74-B38F-8E2718D13AF9}.Debug|Any CPU.ActiveCfg = Debug|Any CPU
		{2965532C-3BBD-4B74-B38F-8E2718D13AF9}.Debug|Any CPU.Build.0 = Debug|Any CPU
		{2965532C-3BBD-4B74-B38F-8E2718D13AF9}.Release|Any CPU.ActiveCfg = Release|Any CPU
		{2965532C-3BBD-4B74-B38F-8E2718D13AF9}.Release|Any CPU.Build.0 = Release|Any CPU
		{2DA0C459-EC8B-4396-9F59-E6CA5DB3912E}.Debug|Any CPU.ActiveCfg = Debug|Any CPU
		{2DA0C459-EC8B-4396-9F59-E6CA5DB3912E}.Debug|Any CPU.Build.0 = Debug|Any CPU
		{2DA0C459-EC8B-4396-9F59-E6CA5DB3912E}.Release|Any CPU.ActiveCfg = Release|Any CPU
		{2DA0C459-EC8B-4396-9F59-E6CA5DB3912E}.Release|Any CPU.Build.0 = Release|Any CPU
		{42C9E7E8-A181-4921-A0BA-0CF4B5552CC9}.Debug|Any CPU.ActiveCfg = Debug|Any CPU
		{42C9E7E8-A181-4921-A0BA-0CF4B5552CC9}.Debug|Any CPU.Build.0 = Debug|Any CPU
		{42C9E7E8-A181-4921-A0BA-0CF4B5552CC9}.Release|Any CPU.ActiveCfg = Release|Any CPU
		{42C9E7E8-A181-4921-A0BA-0CF4B5552CC9}.Release|Any CPU.Build.0 = Release|Any CPU
		{C10260C9-3E14-40CB-BDC0-3262BBF99E9E}.Debug|Any CPU.ActiveCfg = Debug|Any CPU
		{C10260C9-3E14-40CB-BDC0-3262BBF99E9E}.Debug|Any CPU.Build.0 = Debug|Any CPU
		{C10260C9-3E14-40CB-BDC0-3262BBF99E9E}.Release|Any CPU.ActiveCfg = Release|Any CPU
		{C10260C9-3E14-40CB-BDC0-3262BBF99E9E}.Release|Any CPU.Build.0 = Release|Any CPU
		{92F3757E-0D87-4541-8F6F-CAE02B98C864}.Debug|Any CPU.ActiveCfg = Debug|Any CPU
		{92F3757E-0D87-4541-8F6F-CAE02B98C864}.Debug|Any CPU.Build.0 = Debug|Any CPU
		{92F3757E-0D87-4541-8F6F-CAE02B98C864}.Release|Any CPU.ActiveCfg = Release|Any CPU
		{92F3757E-0D87-4541-8F6F-CAE02B98C864}.Release|Any CPU.Build.0 = Release|Any CPU
		{845C7383-24FB-46C8-B8A8-047C96566CA0}.Debug|Any CPU.ActiveCfg = Debug|Any CPU
		{845C7383-24FB-46C8-B8A8-047C96566CA0}.Debug|Any CPU.Build.0 = Debug|Any CPU
		{845C7383-24FB-46C8-B8A8-047C96566CA0}.Release|Any CPU.ActiveCfg = Release|Any CPU
		{845C7383-24FB-46C8-B8A8-047C96566CA0}.Release|Any CPU.Build.0 = Release|Any CPU
		{C5DA83A9-3BCD-4B03-A3B7-6C25A6557B22}.Debug|Any CPU.ActiveCfg = Debug|Any CPU
		{C5DA83A9-3BCD-4B03-A3B7-6C25A6557B22}.Debug|Any CPU.Build.0 = Debug|Any CPU
		{C5DA83A9-3BCD-4B03-A3B7-6C25A6557B22}.Release|Any CPU.ActiveCfg = Release|Any CPU
		{C5DA83A9-3BCD-4B03-A3B7-6C25A6557B22}.Release|Any CPU.Build.0 = Release|Any CPU
		{995D98ED-A38C-4D3B-9609-29010D8AA732}.Debug|Any CPU.ActiveCfg = Debug|Any CPU
		{995D98ED-A38C-4D3B-9609-29010D8AA732}.Debug|Any CPU.Build.0 = Debug|Any CPU
		{995D98ED-A38C-4D3B-9609-29010D8AA732}.Release|Any CPU.ActiveCfg = Release|Any CPU
		{995D98ED-A38C-4D3B-9609-29010D8AA732}.Release|Any CPU.Build.0 = Release|Any CPU
		{B00D0FC7-4880-4341-95EB-14BFAE61B4CD}.Debug|Any CPU.ActiveCfg = Debug|Any CPU
		{B00D0FC7-4880-4341-95EB-14BFAE61B4CD}.Debug|Any CPU.Build.0 = Debug|Any CPU
		{B00D0FC7-4880-4341-95EB-14BFAE61B4CD}.Release|Any CPU.ActiveCfg = Release|Any CPU
		{B00D0FC7-4880-4341-95EB-14BFAE61B4CD}.Release|Any CPU.Build.0 = Release|Any CPU
		{9CC68BA5-5A1A-4909-8F37-4D15539A6A23}.Debug|Any CPU.ActiveCfg = Debug|Any CPU
		{9CC68BA5-5A1A-4909-8F37-4D15539A6A23}.Debug|Any CPU.Build.0 = Debug|Any CPU
		{9CC68BA5-5A1A-4909-8F37-4D15539A6A23}.Release|Any CPU.ActiveCfg = Release|Any CPU
		{9CC68BA5-5A1A-4909-8F37-4D15539A6A23}.Release|Any CPU.Build.0 = Release|Any CPU
		{91E90DB5-60C3-456D-9CEF-DAF312E89A58}.Debug|Any CPU.ActiveCfg = Debug|Any CPU
		{91E90DB5-60C3-456D-9CEF-DAF312E89A58}.Debug|Any CPU.Build.0 = Debug|Any CPU
		{91E90DB5-60C3-456D-9CEF-DAF312E89A58}.Release|Any CPU.ActiveCfg = Release|Any CPU
		{91E90DB5-60C3-456D-9CEF-DAF312E89A58}.Release|Any CPU.Build.0 = Release|Any CPU
		{3EB94271-654A-41C1-85E9-BD2803100ABB}.Debug|Any CPU.ActiveCfg = Debug|Any CPU
		{3EB94271-654A-41C1-85E9-BD2803100ABB}.Debug|Any CPU.Build.0 = Debug|Any CPU
		{3EB94271-654A-41C1-85E9-BD2803100ABB}.Release|Any CPU.ActiveCfg = Release|Any CPU
		{3EB94271-654A-41C1-85E9-BD2803100ABB}.Release|Any CPU.Build.0 = Release|Any CPU
		{00AEE482-2D3D-4DC6-97A9-45C2FEC9D529}.Debug|Any CPU.ActiveCfg = Debug|Any CPU
		{00AEE482-2D3D-4DC6-97A9-45C2FEC9D529}.Debug|Any CPU.Build.0 = Debug|Any CPU
		{00AEE482-2D3D-4DC6-97A9-45C2FEC9D529}.Release|Any CPU.ActiveCfg = Release|Any CPU
		{00AEE482-2D3D-4DC6-97A9-45C2FEC9D529}.Release|Any CPU.Build.0 = Release|Any CPU
		{15B9332F-18E9-4039-8007-1FE4EAF05C35}.Debug|Any CPU.ActiveCfg = Debug|Any CPU
		{15B9332F-18E9-4039-8007-1FE4EAF05C35}.Debug|Any CPU.Build.0 = Debug|Any CPU
		{15B9332F-18E9-4039-8007-1FE4EAF05C35}.Release|Any CPU.ActiveCfg = Release|Any CPU
		{15B9332F-18E9-4039-8007-1FE4EAF05C35}.Release|Any CPU.Build.0 = Release|Any CPU
	EndGlobalSection
EndGlobal
