
Microsoft Visual Studio Solution File, Format Version 12.00
Project("{FAE04EC0-301F-11D3-BF4B-00C04F79EFBC}") = "Day1", "Day1\Day1.csproj", "{A0EF22E5-E0EE-439F-BEB8-51E276F37ECF}"
EndProject
Global
	GlobalSection(SolutionConfigurationPlatforms) = preSolution
		Debug|Any CPU = Debug|Any CPU
		Release|Any CPU = Release|Any CPU
	EndGlobalSection
	GlobalSection(ProjectConfigurationPlatforms) = postSolution
		{A0EF22E5-E0EE-439F-BEB8-51E276F37ECF}.Debug|Any CPU.ActiveCfg = Debug|Any CPU
		{A0EF22E5-E0EE-439F-BEB8-51E276F37ECF}.Debug|Any CPU.Build.0 = Debug|Any CPU
		{A0EF22E5-E0EE-439F-BEB8-51E276F37ECF}.Release|Any CPU.ActiveCfg = Release|Any CPU
		{A0EF22E5-E0EE-439F-BEB8-51E276F37ECF}.Release|Any CPU.Build.0 = Release|Any CPU
	EndGlobalSection
EndGlobal
